
Microsoft Visual Studio Solution File, Format Version 12.00
# Visual Studio Version 17
VisualStudioVersion = 17.9.34701.34
MinimumVisualStudioVersion = 10.0.40219.1
Project("{FAE04EC0-301F-11D3-BF4B-00C04F79EFBC}") = "ChmodConverterApp", "ChmodConverterApp\ChmodConverterApp.csproj", "{9E38A88F-5A5F-4457-9578-06E4A0C35081}"
EndProject
Global
	GlobalSection(SolutionConfigurationPlatforms) = preSolution
		Debug|Any CPU = Debug|Any CPU
		Release|Any CPU = Release|Any CPU
	EndGlobalSection
	GlobalSection(ProjectConfigurationPlatforms) = postSolution
		{9E38A88F-5A5F-4457-9578-06E4A0C35081}.Debug|Any CPU.ActiveCfg = Debug|Any CPU
		{9E38A88F-5A5F-4457-9578-06E4A0C35081}.Debug|Any CPU.Build.0 = Debug|Any CPU
		{9E38A88F-5A5F-4457-9578-06E4A0C35081}.Release|Any CPU.ActiveCfg = Release|Any CPU
		{9E38A88F-5A5F-4457-9578-06E4A0C35081}.Release|Any CPU.Build.0 = Release|Any CPU
	EndGlobalSection
	GlobalSection(SolutionProperties) = preSolution
		HideSolutionNode = FALSE
	EndGlobalSection
	GlobalSection(ExtensibilityGlobals) = postSolution
		SolutionGuid = {EA4404CA-808A-422B-8B07-F1CCA961ABE0}
	EndGlobalSection
EndGlobal
